// !$*UTF8*$!
{
	archiveVersion = 1;
	classes = {
	};
	objectVersion = 50;
	objects = {

/* Begin PBXBuildFile section */
		F99D5F3B28794DDA004C6E6C /* swift_weather_appApp.swift in Sources */ = {isa = PBXBuildFile; fileRef = F99D5F3A28794DDA004C6E6C /* swift_weather_appApp.swift */; };
		F99D5F3D28794DDA004C6E6C /* ContentView.swift in Sources */ = {isa = PBXBuildFile; fileRef = F99D5F3C28794DDA004C6E6C /* ContentView.swift */; };
		F99D5F3F28794DDC004C6E6C /* Assets.xcassets in Resources */ = {isa = PBXBuildFile; fileRef = F99D5F3E28794DDC004C6E6C /* Assets.xcassets */; };
		F99D5F4228794DDC004C6E6C /* Preview Assets.xcassets in Resources */ = {isa = PBXBuildFile; fileRef = F99D5F4128794DDC004C6E6C /* Preview Assets.xcassets */; };
		F99D5F4B28794F9D004C6E6C /* README.md in Resources */ = {isa = PBXBuildFile; fileRef = F99D5F4A28794F9D004C6E6C /* README.md */; };
/* End PBXBuildFile section */

/* Begin PBXFileReference section */
		F99D5F3728794DDA004C6E6C /* swift_weather_app.app */ = {isa = PBXFileReference; explicitFileType = wrapper.application; includeInIndex = 0; path = swift_weather_app.app; sourceTree = BUILT_PRODUCTS_DIR; };
		F99D5F3A28794DDA004C6E6C /* swift_weather_appApp.swift */ = {isa = PBXFileReference; lastKnownFileType = sourcecode.swift; path = swift_weather_appApp.swift; sourceTree = "<group>"; };
		F99D5F3C28794DDA004C6E6C /* ContentView.swift */ = {isa = PBXFileReference; lastKnownFileType = sourcecode.swift; path = ContentView.swift; sourceTree = "<group>"; };
		F99D5F3E28794DDC004C6E6C /* Assets.xcassets */ = {isa = PBXFileReference; lastKnownFileType = folder.assetcatalog; path = Assets.xcassets; sourceTree = "<group>"; };
		F99D5F4128794DDC004C6E6C /* Preview Assets.xcassets */ = {isa = PBXFileReference; lastKnownFileType = folder.assetcatalog; path = "Preview Assets.xcassets"; sourceTree = "<group>"; };
		F99D5F4328794DDC004C6E6C /* Info.plist */ = {isa = PBXFileReference; lastKnownFileType = text.plist.xml; path = Info.plist; sourceTree = "<group>"; };
		F99D5F4A28794F9D004C6E6C /* README.md */ = {isa = PBXFileReference; lastKnownFileType = net.daringfireball.markdown; path = README.md; sourceTree = "<group>"; };
/* End PBXFileReference section */

/* Begin PBXFrameworksBuildPhase section */
		F99D5F3428794DDA004C6E6C /* Frameworks */ = {
			isa = PBXFrameworksBuildPhase;
			buildActionMask = 2147483647;
			files = (
			);
			runOnlyForDeploymentPostprocessing = 0;
		};
/* End PBXFrameworksBuildPhase section */

/* Begin PBXGroup section */
		F99D5F2E28794DDA004C6E6C = {
			isa = PBXGroup;
			children = (
				F99D5F4A28794F9D004C6E6C /* README.md */,
				F99D5F3928794DDA004C6E6C /* swift_weather_app */,
				F99D5F3828794DDA004C6E6C /* Products */,
			);
			sourceTree = "<group>";
		};
		F99D5F3828794DDA004C6E6C /* Products */ = {
			isa = PBXGroup;
			children = (
				F99D5F3728794DDA004C6E6C /* swift_weather_app.app */,
			);
			name = Products;
			sourceTree = "<group>";
		};
		F99D5F3928794DDA004C6E6C /* swift_weather_app */ = {
			isa = PBXGroup;
			children = (
				F99D5F3A28794DDA004C6E6C /* swift_weather_appApp.swift */,
				F99D5F3C28794DDA004C6E6C /* ContentView.swift */,
				F99D5F3E28794DDC004C6E6C /* Assets.xcassets */,
				F99D5F4328794DDC004C6E6C /* Info.plist */,
				F99D5F4028794DDC004C6E6C /* Preview Content */,
			);
			path = swift_weather_app;
			sourceTree = "<group>";
		};
		F99D5F4028794DDC004C6E6C /* Preview Content */ = {
			isa = PBXGroup;
			children = (
				F99D5F4128794DDC004C6E6C /* Preview Assets.xcassets */,
			);
			path = "Preview Content";
			sourceTree = "<group>";
		};
/* End PBXGroup section */

/* Begin PBXNativeTarget section */
		F99D5F3628794DDA004C6E6C /* swift_weather_app */ = {
			isa = PBXNativeTarget;
			buildConfigurationList = F99D5F4628794DDC004C6E6C /* Build configuration list for PBXNativeTarget "swift_weather_app" */;
			buildPhases = (
				F99D5F3328794DDA004C6E6C /* Sources */,
				F99D5F3428794DDA004C6E6C /* Frameworks */,
				F99D5F3528794DDA004C6E6C /* Resources */,
			);
			buildRules = (
			);
			dependencies = (
			);
			name = swift_weather_app;
			productName = swift_weather_app;
			productReference = F99D5F3728794DDA004C6E6C /* swift_weather_app.app */;
			productType = "com.apple.product-type.application";
		};
/* End PBXNativeTarget section */

/* Begin PBXProject section */
		F99D5F2F28794DDA004C6E6C /* Project object */ = {
			isa = PBXProject;
			attributes = {
				LastSwiftUpdateCheck = 1240;
				LastUpgradeCheck = 1240;
				TargetAttributes = {
					F99D5F3628794DDA004C6E6C = {
						CreatedOnToolsVersion = 12.4;
					};
				};
			};
			buildConfigurationList = F99D5F3228794DDA004C6E6C /* Build configuration list for PBXProject "swift_weather_app" */;
			compatibilityVersion = "Xcode 9.3";
			developmentRegion = en;
			hasScannedForEncodings = 0;
			knownRegions = (
				en,
				Base,
			);
			mainGroup = F99D5F2E28794DDA004C6E6C;
			productRefGroup = F99D5F3828794DDA004C6E6C /* Products */;
			projectDirPath = "";
			projectRoot = "";
			targets = (
				F99D5F3628794DDA004C6E6C /* swift_weather_app */,
			);
		};
/* End PBXProject section */

/* Begin PBXResourcesBuildPhase section */
		F99D5F3528794DDA004C6E6C /* Resources */ = {
			isa = PBXResourcesBuildPhase;
			buildActionMask = 2147483647;
			files = (
				F99D5F4B28794F9D004C6E6C /* README.md in Resources */,
				F99D5F4228794DDC004C6E6C /* Preview Assets.xcassets in Resources */,
				F99D5F3F28794DDC004C6E6C /* Assets.xcassets in Resources */,
			);
			runOnlyForDeploymentPostprocessing = 0;
		};
/* End PBXResourcesBuildPhase section */

/* Begin PBXSourcesBuildPhase section */
		F99D5F3328794DDA004C6E6C /* Sources */ = {
			isa = PBXSourcesBuildPhase;
			buildActionMask = 2147483647;
			files = (
				F99D5F3D28794DDA004C6E6C /* ContentView.swift in Sources */,
				F99D5F3B28794DDA004C6E6C /* swift_weather_appApp.swift in Sources */,
			);
			runOnlyForDeploymentPostprocessing = 0;
		};
/* End PBXSourcesBuildPhase section */

/* Begin XCBuildConfiguration section */
		F99D5F4428794DDC004C6E6C /* Debug */ = {
			isa = XCBuildConfiguration;
			buildSettings = {
				ALWAYS_SEARCH_USER_PATHS = NO;
				CLANG_ANALYZER_NONNULL = YES;
				CLANG_ANALYZER_NUMBER_OBJECT_CONVERSION = YES_AGGRESSIVE;
				CLANG_CXX_LANGUAGE_STANDARD = "gnu++14";
				CLANG_CXX_LIBRARY = "libc++";
				CLANG_ENABLE_MODULES = YES;
				CLANG_ENABLE_OBJC_ARC = YES;
				CLANG_ENABLE_OBJC_WEAK = YES;
				CLANG_WARN_BLOCK_CAPTURE_AUTORELEASING = YES;
				CLANG_WARN_BOOL_CONVERSION = YES;
				CLANG_WARN_COMMA = YES;
				CLANG_WARN_CONSTANT_CONVERSION = YES;
				CLANG_WARN_DEPRECATED_OBJC_IMPLEMENTATIONS = YES;
				CLANG_WARN_DIRECT_OBJC_ISA_USAGE = YES_ERROR;
				CLANG_WARN_DOCUMENTATION_COMMENTS = YES;
				CLANG_WARN_EMPTY_BODY = YES;
				CLANG_WARN_ENUM_CONVERSION = YES;
				CLANG_WARN_INFINITE_RECURSION = YES;
				CLANG_WARN_INT_CONVERSION = YES;
				CLANG_WARN_NON_LITERAL_NULL_CONVERSION = YES;
				CLANG_WARN_OBJC_IMPLICIT_RETAIN_SELF = YES;
				CLANG_WARN_OBJC_LITERAL_CONVERSION = YES;
				CLANG_WARN_OBJC_ROOT_CLASS = YES_ERROR;
				CLANG_WARN_QUOTED_INCLUDE_IN_FRAMEWORK_HEADER = YES;
				CLANG_WARN_RANGE_LOOP_ANALYSIS = YES;
				CLANG_WARN_STRICT_PROTOTYPES = YES;
				CLANG_WARN_SUSPICIOUS_MOVE = YES;
				CLANG_WARN_UNGUARDED_AVAILABILITY = YES_AGGRESSIVE;
				CLANG_WARN_UNREACHABLE_CODE = YES;
				CLANG_WARN__DUPLICATE_METHOD_MATCH = YES;
				COPY_PHASE_STRIP = NO;
				DEBUG_INFORMATION_FORMAT = dwarf;
				ENABLE_STRICT_OBJC_MSGSEND = YES;
				ENABLE_TESTABILITY = YES;
				GCC_C_LANGUAGE_STANDARD = gnu11;
				GCC_DYNAMIC_NO_PIC = NO;
				GCC_NO_COMMON_BLOCKS = YES;
				GCC_OPTIMIZATION_LEVEL = 0;
				GCC_PREPROCESSOR_DEFINITIONS = (
					"DEBUG=1",
					"$(inherited)",
				);
				GCC_WARN_64_TO_32_BIT_CONVERSION = YES;
				GCC_WARN_ABOUT_RETURN_TYPE = YES_ERROR;
				GCC_WARN_UNDECLARED_SELECTOR = YES;
				GCC_WARN_UNINITIALIZED_AUTOS = YES_AGGRESSIVE;
				GCC_WARN_UNUSED_FUNCTION = YES;
				GCC_WARN_UNUSED_VARIABLE = YES;
				IPHONEOS_DEPLOYMENT_TARGET = 14.4;
				MTL_ENABLE_DEBUG_INFO = INCLUDE_SOURCE;
				MTL_FAST_MATH = YES;
				ONLY_ACTIVE_ARCH = YES;
				SDKROOT = iphoneos;
				SWIFT_ACTIVE_COMPILATION_CONDITIONS = DEBUG;
				SWIFT_OPTIMIZATION_LEVEL = "-Onone";
			};
			name = Debug;
		};
		F99D5F4528794DDC004C6E6C /* Release */ = {
			isa = XCBuildConfiguration;
			buildSettings = {
				ALWAYS_SEARCH_USER_PATHS = NO;
				CLANG_ANALYZER_NONNULL = YES;
				CLANG_ANALYZER_NUMBER_OBJECT_CONVERSION = YES_AGGRESSIVE;
				CLANG_CXX_LANGUAGE_STANDARD = "gnu++14";
				CLANG_CXX_LIBRARY = "libc++";
				CLANG_ENABLE_MODULES = YES;
				CLANG_ENABLE_OBJC_ARC = YES;
				CLANG_ENABLE_OBJC_WEAK = YES;
				CLANG_WARN_BLOCK_CAPTURE_AUTORELEASING = YES;
				CLANG_WARN_BOOL_CONVERSION = YES;
				CLANG_WARN_COMMA = YES;
				CLANG_WARN_CONSTANT_CONVERSION = YES;
				CLANG_WARN_DEPRECATED_OBJC_IMPLEMENTATIONS = YES;
				CLANG_WARN_DIRECT_OBJC_ISA_USAGE = YES_ERROR;
				CLANG_WARN_DOCUMENTATION_COMMENTS = YES;
				CLANG_WARN_EMPTY_BODY = YES;
				CLANG_WARN_ENUM_CONVERSION = YES;
				CLANG_WARN_INFINITE_RECURSION = YES;
				CLANG_WARN_INT_CONVERSION = YES;
				CLANG_WARN_NON_LITERAL_NULL_CONVERSION = YES;
				CLANG_WARN_OBJC_IMPLICIT_RETAIN_SELF = YES;
				CLANG_WARN_OBJC_LITERAL_CONVERSION = YES;
				CLANG_WARN_OBJC_ROOT_CLASS = YES_ERROR;
				CLANG_WARN_QUOTED_INCLUDE_IN_FRAMEWORK_HEADER = YES;
				CLANG_WARN_RANGE_LOOP_ANALYSIS = YES;
				CLANG_WARN_STRICT_PROTOTYPES = YES;
				CLANG_WARN_SUSPICIOUS_MOVE = YES;
				CLANG_WARN_UNGUARDED_AVAILABILITY = YES_AGGRESSIVE;
				CLANG_WARN_UNREACHABLE_CODE = YES;
				CLANG_WARN__DUPLICATE_METHOD_MATCH = YES;
				COPY_PHASE_STRIP = NO;
				DEBUG_INFORMATION_FORMAT = "dwarf-with-dsym";
				ENABLE_NS_ASSERTIONS = NO;
				ENABLE_STRICT_OBJC_MSGSEND = YES;
				GCC_C_LANGUAGE_STANDARD = gnu11;
				GCC_NO_COMMON_BLOCKS = YES;
				GCC_WARN_64_TO_32_BIT_CONVERSION = YES;
				GCC_WARN_ABOUT_RETURN_TYPE = YES_ERROR;
				GCC_WARN_UNDECLARED_SELECTOR = YES;
				GCC_WARN_UNINITIALIZED_AUTOS = YES_AGGRESSIVE;
				GCC_WARN_UNUSED_FUNCTION = YES;
				GCC_WARN_UNUSED_VARIABLE = YES;
				IPHONEOS_DEPLOYMENT_TARGET = 14.4;
				MTL_ENABLE_DEBUG_INFO = NO;
				MTL_FAST_MATH = YES;
				SDKROOT = iphoneos;
				SWIFT_COMPILATION_MODE = wholemodule;
				SWIFT_OPTIMIZATION_LEVEL = "-O";
				VALIDATE_PRODUCT = YES;
			};
			name = Release;
		};
		F99D5F4728794DDC004C6E6C /* Debug */ = {
			isa = XCBuildConfiguration;
			buildSettings = {
				ASSETCATALOG_COMPILER_APPICON_NAME = AppIcon;
				ASSETCATALOG_COMPILER_GLOBAL_ACCENT_COLOR_NAME = AccentColor;
				CODE_SIGN_STYLE = Automatic;
				DEVELOPMENT_ASSET_PATHS = "\"swift_weather_app/Preview Content\"";
				ENABLE_PREVIEWS = YES;
				INFOPLIST_FILE = swift_weather_app/Info.plist;
				IPHONEOS_DEPLOYMENT_TARGET = 14.0;
				LD_RUNPATH_SEARCH_PATHS = (
					"$(inherited)",
					"@executable_path/Frameworks",
				);
				PRODUCT_BUNDLE_IDENTIFIER = "io.binaryleo.com.swift-weather-app";
				PRODUCT_NAME = "$(TARGET_NAME)";
				SWIFT_VERSION = 5.0;
				TARGETED_DEVICE_FAMILY = "1,2";
			};
			name = Debug;
		};
		F99D5F4828794DDC004C6E6C /* Release */ = {
			isa = XCBuildConfiguration;
			buildSettings = {
				ASSETCATALOG_COMPILER_APPICON_NAME = AppIcon;
				ASSETCATALOG_COMPILER_GLOBAL_ACCENT_COLOR_NAME = AccentColor;
				CODE_SIGN_STYLE = Automatic;
				DEVELOPMENT_ASSET_PATHS = "\"swift_weather_app/Preview Content\"";
				ENABLE_PREVIEWS = YES;
				INFOPLIST_FILE = swift_weather_app/Info.plist;
				IPHONEOS_DEPLOYMENT_TARGET = 14.0;
				LD_RUNPATH_SEARCH_PATHS = (
					"$(inherited)",
					"@executable_path/Frameworks",
				);
				PRODUCT_BUNDLE_IDENTIFIER = "io.binaryleo.com.swift-weather-app";
				PRODUCT_NAME = "$(TARGET_NAME)";
				SWIFT_VERSION = 5.0;
				TARGETED_DEVICE_FAMILY = "1,2";
			};
			name = Release;
		};
/* End XCBuildConfiguration section */

/* Begin XCConfigurationList section */
		F99D5F3228794DDA004C6E6C /* Build configuration list for PBXProject "swift_weather_app" */ = {
			isa = XCConfigurationList;
			buildConfigurations = (
				F99D5F4428794DDC004C6E6C /* Debug */,
				F99D5F4528794DDC004C6E6C /* Release */,
			);
			defaultConfigurationIsVisible = 0;
			defaultConfigurationName = Release;
		};
		F99D5F4628794DDC004C6E6C /* Build configuration list for PBXNativeTarget "swift_weather_app" */ = {
			isa = XCConfigurationList;
			buildConfigurations = (
				F99D5F4728794DDC004C6E6C /* Debug */,
				F99D5F4828794DDC004C6E6C /* Release */,
			);
			defaultConfigurationIsVisible = 0;
			defaultConfigurationName = Release;
		};
/* End XCConfigurationList section */
	};
	rootObject = F99D5F2F28794DDA004C6E6C /* Project object */;
}
